
Microsoft Visual Studio Solution File, Format Version 12.00
# Visual Studio Version 16
VisualStudioVersion = 16.0.32228.547
MinimumVisualStudioVersion = 10.0.40219.1
Project("{FAE04EC0-301F-11D3-BF4B-00C04F79EFBC}") = "QuanLyCoiThiTuyenSinh", "QuanLyCoiThiTuyenSinh\QuanLyCoiThiTuyenSinh.csproj", "{DC22B91F-2FAB-45C1-B5A9-85C1AD750A7A}"
EndProject
Project("{FAE04EC0-301F-11D3-BF4B-00C04F79EFBC}") = "DTO", "DTO\DTO.csproj", "{C7771691-1C8E-41CC-8E35-82079DA92C3C}"
EndProject
Project("{FAE04EC0-301F-11D3-BF4B-00C04F79EFBC}") = "DAO", "DAO\DAO.csproj", "{EDB468C6-3F86-459B-8E06-AA1326499C61}"
EndProject
Project("{FAE04EC0-301F-11D3-BF4B-00C04F79EFBC}") = "BUS", "BUS\BUS.csproj", "{3AC26F4A-B0CC-4625-92B1-8C71BD48E951}"
EndProject
Global
	GlobalSection(SolutionConfigurationPlatforms) = preSolution
		Debug|Any CPU = Debug|Any CPU
		Release|Any CPU = Release|Any CPU
	EndGlobalSection
	GlobalSection(ProjectConfigurationPlatforms) = postSolution
		{DC22B91F-2FAB-45C1-B5A9-85C1AD750A7A}.Debug|Any CPU.ActiveCfg = Debug|Any CPU
		{DC22B91F-2FAB-45C1-B5A9-85C1AD750A7A}.Debug|Any CPU.Build.0 = Debug|Any CPU
		{DC22B91F-2FAB-45C1-B5A9-85C1AD750A7A}.Release|Any CPU.ActiveCfg = Release|Any CPU
		{DC22B91F-2FAB-45C1-B5A9-85C1AD750A7A}.Release|Any CPU.Build.0 = Release|Any CPU
		{C7771691-1C8E-41CC-8E35-82079DA92C3C}.Debug|Any CPU.ActiveCfg = Debug|Any CPU
		{C7771691-1C8E-41CC-8E35-82079DA92C3C}.Debug|Any CPU.Build.0 = Debug|Any CPU
		{C7771691-1C8E-41CC-8E35-82079DA92C3C}.Release|Any CPU.ActiveCfg = Release|Any CPU
		{C7771691-1C8E-41CC-8E35-82079DA92C3C}.Release|Any CPU.Build.0 = Release|Any CPU
		{EDB468C6-3F86-459B-8E06-AA1326499C61}.Debug|Any CPU.ActiveCfg = Debug|Any CPU
		{EDB468C6-3F86-459B-8E06-AA1326499C61}.Debug|Any CPU.Build.0 = Debug|Any CPU
		{EDB468C6-3F86-459B-8E06-AA1326499C61}.Release|Any CPU.ActiveCfg = Release|Any CPU
		{EDB468C6-3F86-459B-8E06-AA1326499C61}.Release|Any CPU.Build.0 = Release|Any CPU
		{3AC26F4A-B0CC-4625-92B1-8C71BD48E951}.Debug|Any CPU.ActiveCfg = Debug|Any CPU
		{3AC26F4A-B0CC-4625-92B1-8C71BD48E951}.Debug|Any CPU.Build.0 = Debug|Any CPU
		{3AC26F4A-B0CC-4625-92B1-8C71BD48E951}.Release|Any CPU.ActiveCfg = Release|Any CPU
		{3AC26F4A-B0CC-4625-92B1-8C71BD48E951}.Release|Any CPU.Build.0 = Release|Any CPU
	EndGlobalSection
	GlobalSection(SolutionProperties) = preSolution
		HideSolutionNode = FALSE
	EndGlobalSection
	GlobalSection(ExtensibilityGlobals) = postSolution
		SolutionGuid = {4554938B-BC31-4B87-BCE5-AFCA56293CF2}
	EndGlobalSection
EndGlobal
